
Microsoft Visual Studio Solution File, Format Version 12.00
# Visual Studio Version 17
VisualStudioVersion = 17.4.33205.214
MinimumVisualStudioVersion = 10.0.40219.1
Project("{FAE04EC0-301F-11D3-BF4B-00C04F79EFBC}") = "test_DataBase", "test_DataBase\test_DataBase.csproj", "{DD1634E3-E98E-4983-A8A4-36EB6D2740F5}"
EndProject
Project("{FAE04EC0-301F-11D3-BF4B-00C04F79EFBC}") = "UnitTestProject1", "UnitTestProject1\UnitTestProject1.csproj", "{3344B58A-24C3-4122-B46F-564B1E76E1B9}"
EndProject
Global
	GlobalSection(SolutionConfigurationPlatforms) = preSolution
		Debug|Any CPU = Debug|Any CPU
		Release|Any CPU = Release|Any CPU
	EndGlobalSection
	GlobalSection(ProjectConfigurationPlatforms) = postSolution
		{DD1634E3-E98E-4983-A8A4-36EB6D2740F5}.Debug|Any CPU.ActiveCfg = Debug|Any CPU
		{DD1634E3-E98E-4983-A8A4-36EB6D2740F5}.Debug|Any CPU.Build.0 = Debug|Any CPU
		{DD1634E3-E98E-4983-A8A4-36EB6D2740F5}.Release|Any CPU.ActiveCfg = Release|Any CPU
		{DD1634E3-E98E-4983-A8A4-36EB6D2740F5}.Release|Any CPU.Build.0 = Release|Any CPU
		{3344B58A-24C3-4122-B46F-564B1E76E1B9}.Debug|Any CPU.ActiveCfg = Debug|Any CPU
		{3344B58A-24C3-4122-B46F-564B1E76E1B9}.Debug|Any CPU.Build.0 = Debug|Any CPU
		{3344B58A-24C3-4122-B46F-564B1E76E1B9}.Release|Any CPU.ActiveCfg = Release|Any CPU
		{3344B58A-24C3-4122-B46F-564B1E76E1B9}.Release|Any CPU.Build.0 = Release|Any CPU
	EndGlobalSection
	GlobalSection(SolutionProperties) = preSolution
		HideSolutionNode = FALSE
	EndGlobalSection
	GlobalSection(ExtensibilityGlobals) = postSolution
		SolutionGuid = {628B3099-04BF-4C8A-9409-26329D292D68}
	EndGlobalSection
EndGlobal
